
Microsoft Visual Studio Solution File, Format Version 12.00
# Visual Studio 2013
VisualStudioVersion = 12.0.21005.1
MinimumVisualStudioVersion = 10.0.40219.1
Project("{F2A71F9B-5D33-465A-A702-920D77279786}") = "fsharpersTests", "fsharpersTests\fsharpersTests.fsproj", "{A6F01FFE-CB1B-4AAD-BB60-08009503CFF8}"
EndProject
Project("{F2A71F9B-5D33-465A-A702-920D77279786}") = "fsharpers", "fsharpers\fsharpers.fsproj", "{9E16672A-8F18-4B9F-9337-978F4EFDD101}"
EndProject
Project("{FAE04EC0-301F-11D3-BF4B-00C04F79EFBC}") = "csharpstuff", "csharpstuff\csharpstuff.csproj", "{F558F9EB-EDD7-4B9D-AD2C-6C1E6AE28905}"
EndProject
Global
	GlobalSection(SolutionConfigurationPlatforms) = preSolution
		Debug|Any CPU = Debug|Any CPU
		Release|Any CPU = Release|Any CPU
	EndGlobalSection
	GlobalSection(ProjectConfigurationPlatforms) = postSolution
		{A6F01FFE-CB1B-4AAD-BB60-08009503CFF8}.Debug|Any CPU.ActiveCfg = Debug|Any CPU
		{A6F01FFE-CB1B-4AAD-BB60-08009503CFF8}.Debug|Any CPU.Build.0 = Debug|Any CPU
		{A6F01FFE-CB1B-4AAD-BB60-08009503CFF8}.Release|Any CPU.ActiveCfg = Release|Any CPU
		{A6F01FFE-CB1B-4AAD-BB60-08009503CFF8}.Release|Any CPU.Build.0 = Release|Any CPU
		{9E16672A-8F18-4B9F-9337-978F4EFDD101}.Debug|Any CPU.ActiveCfg = Debug|Any CPU
		{9E16672A-8F18-4B9F-9337-978F4EFDD101}.Debug|Any CPU.Build.0 = Debug|Any CPU
		{9E16672A-8F18-4B9F-9337-978F4EFDD101}.Release|Any CPU.ActiveCfg = Release|Any CPU
		{9E16672A-8F18-4B9F-9337-978F4EFDD101}.Release|Any CPU.Build.0 = Release|Any CPU
		{F558F9EB-EDD7-4B9D-AD2C-6C1E6AE28905}.Debug|Any CPU.ActiveCfg = Debug|Any CPU
		{F558F9EB-EDD7-4B9D-AD2C-6C1E6AE28905}.Debug|Any CPU.Build.0 = Debug|Any CPU
		{F558F9EB-EDD7-4B9D-AD2C-6C1E6AE28905}.Release|Any CPU.ActiveCfg = Release|Any CPU
		{F558F9EB-EDD7-4B9D-AD2C-6C1E6AE28905}.Release|Any CPU.Build.0 = Release|Any CPU
	EndGlobalSection
	GlobalSection(SolutionProperties) = preSolution
		HideSolutionNode = FALSE
	EndGlobalSection
EndGlobal
